
Microsoft Visual Studio Solution File, Format Version 12.00
# Visual Studio Version 17
VisualStudioVersion = 17.8.34330.188
MinimumVisualStudioVersion = 10.0.40219.1
Project("{9A19103F-16F7-4668-BE54-9A1E7A4F7556}") = "QuestPDFExercise", "QuestPDFExercise\QuestPDFExercise.csproj", "{95C92BAB-39B9-4724-8F22-566A22302AC6}"
EndProject
Project("{9A19103F-16F7-4668-BE54-9A1E7A4F7556}") = "AutoMapperExercise", "AutoMapperExercise\AutoMapperExercise.csproj", "{AC5D3877-7A7E-4543-A393-D639D03596FD}"
EndProject
Project("{9A19103F-16F7-4668-BE54-9A1E7A4F7556}") = "TimeCrontabExercise", "TimeCrontabExercise\TimeCrontabExercise.csproj", "{E976663E-3CE4-4FCA-83F7-8AA338A023E6}"
EndProject
Project("{9A19103F-16F7-4668-BE54-9A1E7A4F7556}") = "ScottPlotWinFormsExercise", "ScottPlotWinFormsExercise\ScottPlotWinFormsExercise.csproj", "{D6ED19C3-15BD-4C22-85FA-F180D1C64873}"
EndProject
Project("{9A19103F-16F7-4668-BE54-9A1E7A4F7556}") = "BouncyCastleExercise", "BouncyCastleExercise\BouncyCastleExercise.csproj", "{EC40FCE1-99A2-46A4-8D56-D07D6D88CD73}"
EndProject
Project("{9A19103F-16F7-4668-BE54-9A1E7A4F7556}") = "ChartjsExercise", "ChartjsExercise\ChartjsExercise.csproj", "{B7653CF0-57B2-4F2A-A993-8E68945728E2}"
EndProject
Project("{9A19103F-16F7-4668-BE54-9A1E7A4F7556}") = "GenericRepositoryExercise", "GenericRepositoryExercise\GenericRepositoryExercise.csproj", "{23932422-6C88-4E87-A41E-28263CA5F74E}"
EndProject
Project("{9A19103F-16F7-4668-BE54-9A1E7A4F7556}") = "IdGeneratorExercise", "IdGeneratorExercise\IdGeneratorExercise.csproj", "{9F7B777C-4942-4079-97B3-026E28B44C9F}"
EndProject
Project("{9A19103F-16F7-4668-BE54-9A1E7A4F7556}") = "FusionCacheExercise", "FusionCacheExercise\FusionCacheExercise.csproj", "{1B5936BA-F3EA-4E6E-B86C-9ED0CC5EB9C2}"
EndProject
Project("{9A19103F-16F7-4668-BE54-9A1E7A4F7556}") = "SpectreExercise", "SpectreExercise\SpectreExercise.csproj", "{C35E6A45-24B4-4870-9FBF-7A8EB0CD3BA7}"
EndProject
Project("{9A19103F-16F7-4668-BE54-9A1E7A4F7556}") = "DotnetSpiderExercise", "DotnetSpiderExercise\DotnetSpiderExercise.csproj", "{DA7E80D3-B6B2-4183-A50F-1EF63978D9E4}"
EndProject
Project("{9A19103F-16F7-4668-BE54-9A1E7A4F7556}") = "FileCompDecompExercise", "FileCompDecompExercise\FileCompDecompExercise.csproj", "{6F0DF339-E77F-4856-99E9-6F0BB77B3402}"
EndProject
Project("{9A19103F-16F7-4668-BE54-9A1E7A4F7556}") = "MapsuiExercise", "MapsuiExercise\MapsuiExercise.csproj", "{A28271B3-3DAF-43F1-A925-1B9F3A9969D1}"
EndProject
Project("{9A19103F-16F7-4668-BE54-9A1E7A4F7556}") = "CsvHelperExercise", "CsvHelperExercise\CsvHelperExercise.csproj", "{7B4C6757-3789-4F9A-AC97-A82170330A90}"
EndProject
Project("{9A19103F-16F7-4668-BE54-9A1E7A4F7556}") = "TerminalGuiExercise", "TerminalGuiExercise\TerminalGuiExercise.csproj", "{9FEB8B96-A47D-4510-8BD6-EF2D7DA96593}"
EndProject
Project("{9A19103F-16F7-4668-BE54-9A1E7A4F7556}") = "MLNETExercise", "MLNETExercise\MLNETExercise.csproj", "{D255413B-D1DE-4253-8A01-3DDEC84F9326}"
EndProject
Project("{FAE04EC0-301F-11D3-BF4B-00C04F79EFBC}") = "QrCodeGeneratorExercise", "QrCodeGeneratorExercise\QrCodeGeneratorExercise.csproj", "{C8773F75-795B-4DED-B7A5-E769E2ED302C}"
EndProject
Global
	GlobalSection(SolutionConfigurationPlatforms) = preSolution
		Debug|Any CPU = Debug|Any CPU
		Release|Any CPU = Release|Any CPU
	EndGlobalSection
	GlobalSection(ProjectConfigurationPlatforms) = postSolution
		{95C92BAB-39B9-4724-8F22-566A22302AC6}.Debug|Any CPU.ActiveCfg = Debug|Any CPU
		{95C92BAB-39B9-4724-8F22-566A22302AC6}.Debug|Any CPU.Build.0 = Debug|Any CPU
		{95C92BAB-39B9-4724-8F22-566A22302AC6}.Release|Any CPU.ActiveCfg = Release|Any CPU
		{95C92BAB-39B9-4724-8F22-566A22302AC6}.Release|Any CPU.Build.0 = Release|Any CPU
		{AC5D3877-7A7E-4543-A393-D639D03596FD}.Debug|Any CPU.ActiveCfg = Debug|Any CPU
		{AC5D3877-7A7E-4543-A393-D639D03596FD}.Debug|Any CPU.Build.0 = Debug|Any CPU
		{AC5D3877-7A7E-4543-A393-D639D03596FD}.Release|Any CPU.ActiveCfg = Release|Any CPU
		{AC5D3877-7A7E-4543-A393-D639D03596FD}.Release|Any CPU.Build.0 = Release|Any CPU
		{E976663E-3CE4-4FCA-83F7-8AA338A023E6}.Debug|Any CPU.ActiveCfg = Debug|Any CPU
		{E976663E-3CE4-4FCA-83F7-8AA338A023E6}.Debug|Any CPU.Build.0 = Debug|Any CPU
		{E976663E-3CE4-4FCA-83F7-8AA338A023E6}.Release|Any CPU.ActiveCfg = Release|Any CPU
		{E976663E-3CE4-4FCA-83F7-8AA338A023E6}.Release|Any CPU.Build.0 = Release|Any CPU
		{D6ED19C3-15BD-4C22-85FA-F180D1C64873}.Debug|Any CPU.ActiveCfg = Debug|Any CPU
		{D6ED19C3-15BD-4C22-85FA-F180D1C64873}.Debug|Any CPU.Build.0 = Debug|Any CPU
		{D6ED19C3-15BD-4C22-85FA-F180D1C64873}.Release|Any CPU.ActiveCfg = Release|Any CPU
		{D6ED19C3-15BD-4C22-85FA-F180D1C64873}.Release|Any CPU.Build.0 = Release|Any CPU
		{EC40FCE1-99A2-46A4-8D56-D07D6D88CD73}.Debug|Any CPU.ActiveCfg = Debug|Any CPU
		{EC40FCE1-99A2-46A4-8D56-D07D6D88CD73}.Debug|Any CPU.Build.0 = Debug|Any CPU
		{EC40FCE1-99A2-46A4-8D56-D07D6D88CD73}.Release|Any CPU.ActiveCfg = Release|Any CPU
		{EC40FCE1-99A2-46A4-8D56-D07D6D88CD73}.Release|Any CPU.Build.0 = Release|Any CPU
		{B7653CF0-57B2-4F2A-A993-8E68945728E2}.Debug|Any CPU.ActiveCfg = Debug|Any CPU
		{B7653CF0-57B2-4F2A-A993-8E68945728E2}.Debug|Any CPU.Build.0 = Debug|Any CPU
		{B7653CF0-57B2-4F2A-A993-8E68945728E2}.Release|Any CPU.ActiveCfg = Release|Any CPU
		{B7653CF0-57B2-4F2A-A993-8E68945728E2}.Release|Any CPU.Build.0 = Release|Any CPU
		{23932422-6C88-4E87-A41E-28263CA5F74E}.Debug|Any CPU.ActiveCfg = Debug|Any CPU
		{23932422-6C88-4E87-A41E-28263CA5F74E}.Debug|Any CPU.Build.0 = Debug|Any CPU
		{23932422-6C88-4E87-A41E-28263CA5F74E}.Release|Any CPU.ActiveCfg = Release|Any CPU
		{23932422-6C88-4E87-A41E-28263CA5F74E}.Release|Any CPU.Build.0 = Release|Any CPU
		{9F7B777C-4942-4079-97B3-026E28B44C9F}.Debug|Any CPU.ActiveCfg = Debug|Any CPU
		{9F7B777C-4942-4079-97B3-026E28B44C9F}.Debug|Any CPU.Build.0 = Debug|Any CPU
		{9F7B777C-4942-4079-97B3-026E28B44C9F}.Release|Any CPU.ActiveCfg = Release|Any CPU
		{9F7B777C-4942-4079-97B3-026E28B44C9F}.Release|Any CPU.Build.0 = Release|Any CPU
		{1B5936BA-F3EA-4E6E-B86C-9ED0CC5EB9C2}.Debug|Any CPU.ActiveCfg = Debug|Any CPU
		{1B5936BA-F3EA-4E6E-B86C-9ED0CC5EB9C2}.Debug|Any CPU.Build.0 = Debug|Any CPU
		{1B5936BA-F3EA-4E6E-B86C-9ED0CC5EB9C2}.Release|Any CPU.ActiveCfg = Release|Any CPU
		{1B5936BA-F3EA-4E6E-B86C-9ED0CC5EB9C2}.Release|Any CPU.Build.0 = Release|Any CPU
		{C35E6A45-24B4-4870-9FBF-7A8EB0CD3BA7}.Debug|Any CPU.ActiveCfg = Debug|Any CPU
		{C35E6A45-24B4-4870-9FBF-7A8EB0CD3BA7}.Debug|Any CPU.Build.0 = Debug|Any CPU
		{C35E6A45-24B4-4870-9FBF-7A8EB0CD3BA7}.Release|Any CPU.ActiveCfg = Release|Any CPU
		{C35E6A45-24B4-4870-9FBF-7A8EB0CD3BA7}.Release|Any CPU.Build.0 = Release|Any CPU
		{DA7E80D3-B6B2-4183-A50F-1EF63978D9E4}.Debug|Any CPU.ActiveCfg = Debug|Any CPU
		{DA7E80D3-B6B2-4183-A50F-1EF63978D9E4}.Debug|Any CPU.Build.0 = Debug|Any CPU
		{DA7E80D3-B6B2-4183-A50F-1EF63978D9E4}.Release|Any CPU.ActiveCfg = Release|Any CPU
		{DA7E80D3-B6B2-4183-A50F-1EF63978D9E4}.Release|Any CPU.Build.0 = Release|Any CPU
		{6F0DF339-E77F-4856-99E9-6F0BB77B3402}.Debug|Any CPU.ActiveCfg = Debug|Any CPU
		{6F0DF339-E77F-4856-99E9-6F0BB77B3402}.Debug|Any CPU.Build.0 = Debug|Any CPU
		{6F0DF339-E77F-4856-99E9-6F0BB77B3402}.Release|Any CPU.ActiveCfg = Release|Any CPU
		{6F0DF339-E77F-4856-99E9-6F0BB77B3402}.Release|Any CPU.Build.0 = Release|Any CPU
		{A28271B3-3DAF-43F1-A925-1B9F3A9969D1}.Debug|Any CPU.ActiveCfg = Debug|Any CPU
		{A28271B3-3DAF-43F1-A925-1B9F3A9969D1}.Debug|Any CPU.Build.0 = Debug|Any CPU
		{A28271B3-3DAF-43F1-A925-1B9F3A9969D1}.Release|Any CPU.ActiveCfg = Release|Any CPU
		{A28271B3-3DAF-43F1-A925-1B9F3A9969D1}.Release|Any CPU.Build.0 = Release|Any CPU
		{7B4C6757-3789-4F9A-AC97-A82170330A90}.Debug|Any CPU.ActiveCfg = Debug|Any CPU
		{7B4C6757-3789-4F9A-AC97-A82170330A90}.Debug|Any CPU.Build.0 = Debug|Any CPU
		{7B4C6757-3789-4F9A-AC97-A82170330A90}.Release|Any CPU.ActiveCfg = Release|Any CPU
		{7B4C6757-3789-4F9A-AC97-A82170330A90}.Release|Any CPU.Build.0 = Release|Any CPU
		{9FEB8B96-A47D-4510-8BD6-EF2D7DA96593}.Debug|Any CPU.ActiveCfg = Debug|Any CPU
		{9FEB8B96-A47D-4510-8BD6-EF2D7DA96593}.Debug|Any CPU.Build.0 = Debug|Any CPU
		{9FEB8B96-A47D-4510-8BD6-EF2D7DA96593}.Release|Any CPU.ActiveCfg = Release|Any CPU
		{9FEB8B96-A47D-4510-8BD6-EF2D7DA96593}.Release|Any CPU.Build.0 = Release|Any CPU
		{D255413B-D1DE-4253-8A01-3DDEC84F9326}.Debug|Any CPU.ActiveCfg = Debug|Any CPU
		{D255413B-D1DE-4253-8A01-3DDEC84F9326}.Debug|Any CPU.Build.0 = Debug|Any CPU
		{D255413B-D1DE-4253-8A01-3DDEC84F9326}.Release|Any CPU.ActiveCfg = Release|Any CPU
		{D255413B-D1DE-4253-8A01-3DDEC84F9326}.Release|Any CPU.Build.0 = Release|Any CPU
		{C8773F75-795B-4DED-B7A5-E769E2ED302C}.Debug|Any CPU.ActiveCfg = Debug|Any CPU
		{C8773F75-795B-4DED-B7A5-E769E2ED302C}.Debug|Any CPU.Build.0 = Debug|Any CPU
		{C8773F75-795B-4DED-B7A5-E769E2ED302C}.Release|Any CPU.ActiveCfg = Release|Any CPU
		{C8773F75-795B-4DED-B7A5-E769E2ED302C}.Release|Any CPU.Build.0 = Release|Any CPU
	EndGlobalSection
	GlobalSection(SolutionProperties) = preSolution
		HideSolutionNode = FALSE
	EndGlobalSection
	GlobalSection(ExtensibilityGlobals) = postSolution
		SolutionGuid = {4C465B73-E7AA-425E-910E-A03C2D82A280}
	EndGlobalSection
EndGlobal
